
Microsoft Visual Studio Solution File, Format Version 12.00
# Visual Studio Version 17
VisualStudioVersion = 17.11.35327.3
MinimumVisualStudioVersion = 10.0.40219.1
Project("{FAE04EC0-301F-11D3-BF4B-00C04F79EFBC}") = "Restaurant", "Restaurant\Restaurant.csproj", "{3DDB7899-26F9-4632-BDB1-D8D33B47D2AB}"
EndProject
Global
	GlobalSection(SolutionConfigurationPlatforms) = preSolution
		Debug|Any CPU = Debug|Any CPU
		Release|Any CPU = Release|Any CPU
	EndGlobalSection
	GlobalSection(ProjectConfigurationPlatforms) = postSolution
		{3DDB7899-26F9-4632-BDB1-D8D33B47D2AB}.Debug|Any CPU.ActiveCfg = Debug|Any CPU
		{3DDB7899-26F9-4632-BDB1-D8D33B47D2AB}.Debug|Any CPU.Build.0 = Debug|Any CPU
		{3DDB7899-26F9-4632-BDB1-D8D33B47D2AB}.Release|Any CPU.ActiveCfg = Release|Any CPU
		{3DDB7899-26F9-4632-BDB1-D8D33B47D2AB}.Release|Any CPU.Build.0 = Release|Any CPU
	EndGlobalSection
	GlobalSection(SolutionProperties) = preSolution
		HideSolutionNode = FALSE
	EndGlobalSection
	GlobalSection(ExtensibilityGlobals) = postSolution
		SolutionGuid = {AE7CABAC-6702-485D-8C81-C54F138D0604}
	EndGlobalSection
EndGlobal
