
Microsoft Visual Studio Solution File, Format Version 12.00
# Visual Studio Version 17
VisualStudioVersion = 17.11.35327.3
MinimumVisualStudioVersion = 10.0.40219.1
Project("{9A19103F-16F7-4668-BE54-9A1E7A4F7556}") = "SmartHomeSystem.Tests", "SmartHomeSystem.Tests.csproj", "{9B1B8B27-7C9C-4817-A378-EB8B08BE80B7}"
EndProject
Project("{FAE04EC0-301F-11D3-BF4B-00C04F79EFBC}") = "SmartHomeSystem", "..\SmartHomeSystem\SmartHomeSystem.csproj", "{266E57B0-C740-44D0-AA0D-BDD7761C41ED}"
EndProject
Global
	GlobalSection(SolutionConfigurationPlatforms) = preSolution
		Debug|Any CPU = Debug|Any CPU
		Release|Any CPU = Release|Any CPU
	EndGlobalSection
	GlobalSection(ProjectConfigurationPlatforms) = postSolution
		{9B1B8B27-7C9C-4817-A378-EB8B08BE80B7}.Debug|Any CPU.ActiveCfg = Debug|Any CPU
		{9B1B8B27-7C9C-4817-A378-EB8B08BE80B7}.Debug|Any CPU.Build.0 = Debug|Any CPU
		{9B1B8B27-7C9C-4817-A378-EB8B08BE80B7}.Release|Any CPU.ActiveCfg = Release|Any CPU
		{9B1B8B27-7C9C-4817-A378-EB8B08BE80B7}.Release|Any CPU.Build.0 = Release|Any CPU
		{266E57B0-C740-44D0-AA0D-BDD7761C41ED}.Debug|Any CPU.ActiveCfg = Debug|Any CPU
		{266E57B0-C740-44D0-AA0D-BDD7761C41ED}.Debug|Any CPU.Build.0 = Debug|Any CPU
		{266E57B0-C740-44D0-AA0D-BDD7761C41ED}.Release|Any CPU.ActiveCfg = Release|Any CPU
		{266E57B0-C740-44D0-AA0D-BDD7761C41ED}.Release|Any CPU.Build.0 = Release|Any CPU
	EndGlobalSection
	GlobalSection(SolutionProperties) = preSolution
		HideSolutionNode = FALSE
	EndGlobalSection
	GlobalSection(ExtensibilityGlobals) = postSolution
		SolutionGuid = {3EEB4E25-1F57-4EE6-B319-A1739977E861}
	EndGlobalSection
EndGlobal
