
Microsoft Visual Studio Solution File, Format Version 12.00
# Visual Studio Version 17
VisualStudioVersion = 17.11.35327.3
MinimumVisualStudioVersion = 10.0.40219.1
Project("{9A19103F-16F7-4668-BE54-9A1E7A4F7556}") = "HospitalManagementTests", "HospitalManagementTests.csproj", "{17A31F32-CA94-4823-9A9E-5521CFD6DF01}"
EndProject
Project("{FAE04EC0-301F-11D3-BF4B-00C04F79EFBC}") = "HospitalManagementSystem", "..\HospitalManagementSystem\HospitalManagementSystem.csproj", "{C1E55D73-8D27-48A5-B107-C13A73AFA2EC}"
EndProject
Global
	GlobalSection(SolutionConfigurationPlatforms) = preSolution
		Debug|Any CPU = Debug|Any CPU
		Release|Any CPU = Release|Any CPU
	EndGlobalSection
	GlobalSection(ProjectConfigurationPlatforms) = postSolution
		{17A31F32-CA94-4823-9A9E-5521CFD6DF01}.Debug|Any CPU.ActiveCfg = Debug|Any CPU
		{17A31F32-CA94-4823-9A9E-5521CFD6DF01}.Debug|Any CPU.Build.0 = Debug|Any CPU
		{17A31F32-CA94-4823-9A9E-5521CFD6DF01}.Release|Any CPU.ActiveCfg = Release|Any CPU
		{17A31F32-CA94-4823-9A9E-5521CFD6DF01}.Release|Any CPU.Build.0 = Release|Any CPU
		{C1E55D73-8D27-48A5-B107-C13A73AFA2EC}.Debug|Any CPU.ActiveCfg = Debug|Any CPU
		{C1E55D73-8D27-48A5-B107-C13A73AFA2EC}.Debug|Any CPU.Build.0 = Debug|Any CPU
		{C1E55D73-8D27-48A5-B107-C13A73AFA2EC}.Release|Any CPU.ActiveCfg = Release|Any CPU
		{C1E55D73-8D27-48A5-B107-C13A73AFA2EC}.Release|Any CPU.Build.0 = Release|Any CPU
	EndGlobalSection
	GlobalSection(SolutionProperties) = preSolution
		HideSolutionNode = FALSE
	EndGlobalSection
	GlobalSection(ExtensibilityGlobals) = postSolution
		SolutionGuid = {52139F87-7984-4922-A54E-257FDC8FE5E8}
	EndGlobalSection
EndGlobal
